
Microsoft Visual Studio Solution File, Format Version 12.00
# Visual Studio Version 17
VisualStudioVersion = 17.5.33516.290
MinimumVisualStudioVersion = 10.0.40219.1
Project("{FAE04EC0-301F-11D3-BF4B-00C04F79EFBC}") = "StudentHelper.Model", "StudentHelper.Model\StudentHelper.Model.csproj", "{A59A2EB9-8539-4B91-97D4-3BBA8AC16ED0}"
EndProject
Project("{FAE04EC0-301F-11D3-BF4B-00C04F79EFBC}") = "StudentHelper.BL", "StudentHelper.BL\StudentHelper.BL.csproj", "{0941BDEA-2EB8-4D65-B1A8-9B9D0E30DA54}"
EndProject
Project("{FAE04EC0-301F-11D3-BF4B-00C04F79EFBC}") = "StudentHelper.WebApi", "StudentHelper.WebApi\StudentHelper.WebApi.csproj", "{7FC27FFC-3859-494E-BC9F-672B35D606B6}"
EndProject
Global
	GlobalSection(SolutionConfigurationPlatforms) = preSolution
		Debug|Any CPU = Debug|Any CPU
		Release|Any CPU = Release|Any CPU
	EndGlobalSection
	GlobalSection(ProjectConfigurationPlatforms) = postSolution
		{A59A2EB9-8539-4B91-97D4-3BBA8AC16ED0}.Debug|Any CPU.ActiveCfg = Debug|Any CPU
		{A59A2EB9-8539-4B91-97D4-3BBA8AC16ED0}.Debug|Any CPU.Build.0 = Debug|Any CPU
		{A59A2EB9-8539-4B91-97D4-3BBA8AC16ED0}.Release|Any CPU.ActiveCfg = Release|Any CPU
		{A59A2EB9-8539-4B91-97D4-3BBA8AC16ED0}.Release|Any CPU.Build.0 = Release|Any CPU
		{0941BDEA-2EB8-4D65-B1A8-9B9D0E30DA54}.Debug|Any CPU.ActiveCfg = Debug|Any CPU
		{0941BDEA-2EB8-4D65-B1A8-9B9D0E30DA54}.Debug|Any CPU.Build.0 = Debug|Any CPU
		{0941BDEA-2EB8-4D65-B1A8-9B9D0E30DA54}.Release|Any CPU.ActiveCfg = Release|Any CPU
		{0941BDEA-2EB8-4D65-B1A8-9B9D0E30DA54}.Release|Any CPU.Build.0 = Release|Any CPU
		{7FC27FFC-3859-494E-BC9F-672B35D606B6}.Debug|Any CPU.ActiveCfg = Debug|Any CPU
		{7FC27FFC-3859-494E-BC9F-672B35D606B6}.Debug|Any CPU.Build.0 = Debug|Any CPU
		{7FC27FFC-3859-494E-BC9F-672B35D606B6}.Release|Any CPU.ActiveCfg = Release|Any CPU
		{7FC27FFC-3859-494E-BC9F-672B35D606B6}.Release|Any CPU.Build.0 = Release|Any CPU
	EndGlobalSection
	GlobalSection(SolutionProperties) = preSolution
		HideSolutionNode = FALSE
	EndGlobalSection
	GlobalSection(ExtensibilityGlobals) = postSolution
		SolutionGuid = {CA4A6804-B4E1-4452-9CAB-7C8936DED9A4}
	EndGlobalSection
EndGlobal
